// !$*UTF8*$!
{
	archiveVersion = 1;
	classes = {
	};
	objectVersion = 77;
	objects = {

/* Begin PBXBuildFile section */
		CE0A244C2DA991E60095BA5A /* FSCalendar in Frameworks */ = {isa = PBXBuildFile; productRef = CE0A244B2DA991E60095BA5A /* FSCalendar */; };
		CE0A73202D956FE400CFA9E9 /* .gitignore in Resources */ = {isa = PBXBuildFile; fileRef = CE0A731F2D956FE400CFA9E9 /* .gitignore */; };
		CE0A75292D96FEFE00CFA9E9 /* SnapKit in Frameworks */ = {isa = PBXBuildFile; productRef = CE0A75282D96FEFE00CFA9E9 /* SnapKit */; };
		CE14687D2DB7B7BE006FF77D /* StatWidgetExtension.appex in Embed Foundation Extensions */ = {isa = PBXBuildFile; fileRef = CE14686E2DB7B7BD006FF77D /* StatWidgetExtension.appex */; settings = {ATTRIBUTES = (RemoveHeadersOnCopy, ); }; };
		CE26FE502DBA356D003AAAD8 /* SwiftUI.framework in Frameworks */ = {isa = PBXBuildFile; fileRef = CE1468542DB7B3E2006FF77D /* SwiftUI.framework */; };
		CE26FE512DBA356D003AAAD8 /* SwiftUI.framework in Embed Frameworks */ = {isa = PBXBuildFile; fileRef = CE1468542DB7B3E2006FF77D /* SwiftUI.framework */; settings = {ATTRIBUTES = (CodeSignOnCopy, RemoveHeadersOnCopy, ); }; };
		CE26FE532DBA356E003AAAD8 /* WidgetKit.framework in Frameworks */ = {isa = PBXBuildFile; fileRef = CE1468522DB7B3E2006FF77D /* WidgetKit.framework */; };
		CE26FE542DBA356E003AAAD8 /* WidgetKit.framework in Embed Frameworks */ = {isa = PBXBuildFile; fileRef = CE1468522DB7B3E2006FF77D /* WidgetKit.framework */; settings = {ATTRIBUTES = (CodeSignOnCopy, RemoveHeadersOnCopy, ); }; };
		CE2C22AB2D9AEBB900211B65 /* RealmSwift in Frameworks */ = {isa = PBXBuildFile; productRef = CE2C22AA2D9AEBB900211B65 /* RealmSwift */; };
		CE2C25822D9BF80C00211B65 /* Kingfisher in Frameworks */ = {isa = PBXBuildFile; productRef = CE2C25812D9BF80C00211B65 /* Kingfisher */; };
		CE2C27BA2DA152A100211B65 /* RealmSwift in Embed Frameworks */ = {isa = PBXBuildFile; productRef = CE2C22AA2D9AEBB900211B65 /* RealmSwift */; settings = {ATTRIBUTES = (CodeSignOnCopy, ); }; };
/* End PBXBuildFile section */

/* Begin PBXContainerItemProxy section */
		CE14687B2DB7B7BE006FF77D /* PBXContainerItemProxy */ = {
			isa = PBXContainerItemProxy;
			containerPortal = CE0A727B2D9540C400CFA9E9 /* Project object */;
			proxyType = 1;
			remoteGlobalIDString = CE14686D2DB7B7BD006FF77D;
			remoteInfo = StatWidgetExtension;
		};
/* End PBXContainerItemProxy section */

/* Begin PBXCopyFilesBuildPhase section */
		CE1468612DB7B3E3006FF77D /* Embed Foundation Extensions */ = {
			isa = PBXCopyFilesBuildPhase;
			buildActionMask = 2147483647;
			dstPath = "";
			dstSubfolderSpec = 13;
			files = (
				CE14687D2DB7B7BE006FF77D /* StatWidgetExtension.appex in Embed Foundation Extensions */,
			);
			name = "Embed Foundation Extensions";
			runOnlyForDeploymentPostprocessing = 0;
		};
		CE26FE522DBA356D003AAAD8 /* Embed Frameworks */ = {
			isa = PBXCopyFilesBuildPhase;
			buildActionMask = 2147483647;
			dstPath = "";
			dstSubfolderSpec = 10;
			files = (
				CE26FE512DBA356D003AAAD8 /* SwiftUI.framework in Embed Frameworks */,
				CE26FE542DBA356E003AAAD8 /* WidgetKit.framework in Embed Frameworks */,
			);
			name = "Embed Frameworks";
			runOnlyForDeploymentPostprocessing = 0;
		};
		CE2C27BB2DA152A100211B65 /* Embed Frameworks */ = {
			isa = PBXCopyFilesBuildPhase;
			buildActionMask = 2147483647;
			dstPath = "";
			dstSubfolderSpec = 10;
			files = (
				CE2C27BA2DA152A100211B65 /* RealmSwift in Embed Frameworks */,
			);
			name = "Embed Frameworks";
			runOnlyForDeploymentPostprocessing = 0;
		};
/* End PBXCopyFilesBuildPhase section */

/* Begin PBXFileReference section */
		CE0A72832D9540C400CFA9E9 /* LastPage.app */ = {isa = PBXFileReference; explicitFileType = wrapper.application; includeInIndex = 0; path = LastPage.app; sourceTree = BUILT_PRODUCTS_DIR; };
		CE0A731F2D956FE400CFA9E9 /* .gitignore */ = {isa = PBXFileReference; lastKnownFileType = text; path = .gitignore; sourceTree = "<group>"; };
		CE1468522DB7B3E2006FF77D /* WidgetKit.framework */ = {isa = PBXFileReference; lastKnownFileType = wrapper.framework; name = WidgetKit.framework; path = System/Library/Frameworks/WidgetKit.framework; sourceTree = SDKROOT; };
		CE1468542DB7B3E2006FF77D /* SwiftUI.framework */ = {isa = PBXFileReference; lastKnownFileType = wrapper.framework; name = SwiftUI.framework; path = System/Library/Frameworks/SwiftUI.framework; sourceTree = SDKROOT; };
		CE14686E2DB7B7BD006FF77D /* StatWidgetExtension.appex */ = {isa = PBXFileReference; explicitFileType = "wrapper.app-extension"; includeInIndex = 0; path = StatWidgetExtension.appex; sourceTree = BUILT_PRODUCTS_DIR; };
		CE1468872DB7BC11006FF77D /* StatWidgetExtension.entitlements */ = {isa = PBXFileReference; lastKnownFileType = text.plist.entitlements; path = StatWidgetExtension.entitlements; sourceTree = "<group>"; };
/* End PBXFileReference section */

/* Begin PBXFileSystemSynchronizedBuildFileExceptionSet section */
		CE0A752A2D97018100CFA9E9 /* Exceptions for "LastPage" folder in "LastPage" target */ = {
			isa = PBXFileSystemSynchronizedBuildFileExceptionSet;
			membershipExceptions = (
				Info.plist,
			);
			target = CE0A72822D9540C400CFA9E9 /* LastPage */;
		};
		CE1468812DB7B7BE006FF77D /* Exceptions for "StatWidget" folder in "StatWidgetExtension" target */ = {
			isa = PBXFileSystemSynchronizedBuildFileExceptionSet;
			membershipExceptions = (
				Info.plist,
			);
			target = CE14686D2DB7B7BD006FF77D /* StatWidgetExtension */;
		};
		CE1468AF2DB7BD86006FF77D /* Exceptions for "LastPage" folder in "StatWidgetExtension" target */ = {
			isa = PBXFileSystemSynchronizedBuildFileExceptionSet;
			membershipExceptions = (
				Presentation/Statistics/BookStats.swift,
			);
			target = CE14686D2DB7B7BD006FF77D /* StatWidgetExtension */;
		};
/* End PBXFileSystemSynchronizedBuildFileExceptionSet section */

/* Begin PBXFileSystemSynchronizedRootGroup section */
		CE0A72852D9540C400CFA9E9 /* LastPage */ = {
			isa = PBXFileSystemSynchronizedRootGroup;
			exceptions = (
				CE0A752A2D97018100CFA9E9 /* Exceptions for "LastPage" folder in "LastPage" target */,
				CE1468AF2DB7BD86006FF77D /* Exceptions for "LastPage" folder in "StatWidgetExtension" target */,
			);
			path = LastPage;
			sourceTree = "<group>";
		};
		CE1468712DB7B7BD006FF77D /* StatWidget */ = {
			isa = PBXFileSystemSynchronizedRootGroup;
			exceptions = (
				CE1468812DB7B7BE006FF77D /* Exceptions for "StatWidget" folder in "StatWidgetExtension" target */,
			);
			path = StatWidget;
			sourceTree = "<group>";
		};
/* End PBXFileSystemSynchronizedRootGroup section */

/* Begin PBXFrameworksBuildPhase section */
		CE0A72802D9540C400CFA9E9 /* Frameworks */ = {
			isa = PBXFrameworksBuildPhase;
			buildActionMask = 2147483647;
			files = (
				CE2C25822D9BF80C00211B65 /* Kingfisher in Frameworks */,
				CE0A244C2DA991E60095BA5A /* FSCalendar in Frameworks */,
				CE2C22AB2D9AEBB900211B65 /* RealmSwift in Frameworks */,
				CE0A75292D96FEFE00CFA9E9 /* SnapKit in Frameworks */,
			);
			runOnlyForDeploymentPostprocessing = 0;
		};
		CE14686B2DB7B7BD006FF77D /* Frameworks */ = {
			isa = PBXFrameworksBuildPhase;
			buildActionMask = 2147483647;
			files = (
				CE26FE502DBA356D003AAAD8 /* SwiftUI.framework in Frameworks */,
				CE26FE532DBA356E003AAAD8 /* WidgetKit.framework in Frameworks */,
			);
			runOnlyForDeploymentPostprocessing = 0;
		};
/* End PBXFrameworksBuildPhase section */

/* Begin PBXGroup section */
		CE0A727A2D9540C400CFA9E9 = {
			isa = PBXGroup;
			children = (
				CE1468872DB7BC11006FF77D /* StatWidgetExtension.entitlements */,
				CE0A731F2D956FE400CFA9E9 /* .gitignore */,
				CE0A72852D9540C400CFA9E9 /* LastPage */,
				CE1468712DB7B7BD006FF77D /* StatWidget */,
				CE1468512DB7B3E2006FF77D /* Frameworks */,
				CE0A72842D9540C400CFA9E9 /* Products */,
			);
			sourceTree = "<group>";
		};
		CE0A72842D9540C400CFA9E9 /* Products */ = {
			isa = PBXGroup;
			children = (
				CE0A72832D9540C400CFA9E9 /* LastPage.app */,
				CE14686E2DB7B7BD006FF77D /* StatWidgetExtension.appex */,
			);
			name = Products;
			sourceTree = "<group>";
		};
		CE1468512DB7B3E2006FF77D /* Frameworks */ = {
			isa = PBXGroup;
			children = (
				CE1468522DB7B3E2006FF77D /* WidgetKit.framework */,
				CE1468542DB7B3E2006FF77D /* SwiftUI.framework */,
			);
			name = Frameworks;
			sourceTree = "<group>";
		};
/* End PBXGroup section */

/* Begin PBXNativeTarget section */
		CE0A72822D9540C400CFA9E9 /* LastPage */ = {
			isa = PBXNativeTarget;
			buildConfigurationList = CE0A72962D9540C500CFA9E9 /* Build configuration list for PBXNativeTarget "LastPage" */;
			buildPhases = (
				CE0A727F2D9540C400CFA9E9 /* Sources */,
				CE0A72802D9540C400CFA9E9 /* Frameworks */,
				CE0A72812D9540C400CFA9E9 /* Resources */,
				CE2C27BB2DA152A100211B65 /* Embed Frameworks */,
				CE1468612DB7B3E3006FF77D /* Embed Foundation Extensions */,
			);
			buildRules = (
			);
			dependencies = (
				CE14687C2DB7B7BE006FF77D /* PBXTargetDependency */,
			);
			fileSystemSynchronizedGroups = (
				CE0A72852D9540C400CFA9E9 /* LastPage */,
			);
			name = LastPage;
			packageProductDependencies = (
				CE0A75282D96FEFE00CFA9E9 /* SnapKit */,
				CE2C22AA2D9AEBB900211B65 /* RealmSwift */,
				CE2C25812D9BF80C00211B65 /* Kingfisher */,
				CE0A244B2DA991E60095BA5A /* FSCalendar */,
			);
			productName = LastPage;
			productReference = CE0A72832D9540C400CFA9E9 /* LastPage.app */;
			productType = "com.apple.product-type.application";
		};
		CE14686D2DB7B7BD006FF77D /* StatWidgetExtension */ = {
			isa = PBXNativeTarget;
			buildConfigurationList = CE14687E2DB7B7BE006FF77D /* Build configuration list for PBXNativeTarget "StatWidgetExtension" */;
			buildPhases = (
				CE14686A2DB7B7BD006FF77D /* Sources */,
				CE14686B2DB7B7BD006FF77D /* Frameworks */,
				CE14686C2DB7B7BD006FF77D /* Resources */,
				CE26FE522DBA356D003AAAD8 /* Embed Frameworks */,
			);
			buildRules = (
			);
			dependencies = (
			);
			fileSystemSynchronizedGroups = (
				CE1468712DB7B7BD006FF77D /* StatWidget */,
			);
			name = StatWidgetExtension;
			packageProductDependencies = (
			);
			productName = StatWidgetExtension;
			productReference = CE14686E2DB7B7BD006FF77D /* StatWidgetExtension.appex */;
			productType = "com.apple.product-type.app-extension";
		};
/* End PBXNativeTarget section */

/* Begin PBXProject section */
		CE0A727B2D9540C400CFA9E9 /* Project object */ = {
			isa = PBXProject;
			attributes = {
				BuildIndependentTargetsInParallel = 1;
				LastSwiftUpdateCheck = 1620;
				LastUpgradeCheck = 1620;
				TargetAttributes = {
					CE0A72822D9540C400CFA9E9 = {
						CreatedOnToolsVersion = 16.2;
					};
					CE14686D2DB7B7BD006FF77D = {
						CreatedOnToolsVersion = 16.2;
					};
				};
			};
			buildConfigurationList = CE0A727E2D9540C400CFA9E9 /* Build configuration list for PBXProject "LastPage" */;
			developmentRegion = en;
			hasScannedForEncodings = 0;
			knownRegions = (
				en,
				Base,
			);
			mainGroup = CE0A727A2D9540C400CFA9E9;
			minimizedProjectReferenceProxies = 1;
			packageReferences = (
				CE0A75272D96FEFE00CFA9E9 /* XCRemoteSwiftPackageReference "SnapKit" */,
				CE2C22A92D9AEBB900211B65 /* XCRemoteSwiftPackageReference "realm-swift" */,
				CE2C25802D9BF80C00211B65 /* XCRemoteSwiftPackageReference "Kingfisher" */,
				CE0A244A2DA991E60095BA5A /* XCRemoteSwiftPackageReference "FSCalendar" */,
			);
			preferredProjectObjectVersion = 77;
			productRefGroup = CE0A72842D9540C400CFA9E9 /* Products */;
			projectDirPath = "";
			projectRoot = "";
			targets = (
				CE0A72822D9540C400CFA9E9 /* LastPage */,
				CE14686D2DB7B7BD006FF77D /* StatWidgetExtension */,
			);
		};
/* End PBXProject section */

/* Begin PBXResourcesBuildPhase section */
		CE0A72812D9540C400CFA9E9 /* Resources */ = {
			isa = PBXResourcesBuildPhase;
			buildActionMask = 2147483647;
			files = (
				CE0A73202D956FE400CFA9E9 /* .gitignore in Resources */,
			);
			runOnlyForDeploymentPostprocessing = 0;
		};
		CE14686C2DB7B7BD006FF77D /* Resources */ = {
			isa = PBXResourcesBuildPhase;
			buildActionMask = 2147483647;
			files = (
			);
			runOnlyForDeploymentPostprocessing = 0;
		};
/* End PBXResourcesBuildPhase section */

/* Begin PBXSourcesBuildPhase section */
		CE0A727F2D9540C400CFA9E9 /* Sources */ = {
			isa = PBXSourcesBuildPhase;
			buildActionMask = 2147483647;
			files = (
			);
			runOnlyForDeploymentPostprocessing = 0;
		};
		CE14686A2DB7B7BD006FF77D /* Sources */ = {
			isa = PBXSourcesBuildPhase;
			buildActionMask = 2147483647;
			files = (
			);
			runOnlyForDeploymentPostprocessing = 0;
		};
/* End PBXSourcesBuildPhase section */

/* Begin PBXTargetDependency section */
		CE14687C2DB7B7BE006FF77D /* PBXTargetDependency */ = {
			isa = PBXTargetDependency;
			target = CE14686D2DB7B7BD006FF77D /* StatWidgetExtension */;
			targetProxy = CE14687B2DB7B7BE006FF77D /* PBXContainerItemProxy */;
		};
/* End PBXTargetDependency section */

/* Begin XCBuildConfiguration section */
		CE0A72972D9540C500CFA9E9 /* Debug */ = {
			isa = XCBuildConfiguration;
			buildSettings = {
				ASSETCATALOG_COMPILER_APPICON_NAME = AppIcon;
				ASSETCATALOG_COMPILER_GLOBAL_ACCENT_COLOR_NAME = AccentColor;
				CODE_SIGN_ENTITLEMENTS = LastPage/LastPage.entitlements;
				CODE_SIGN_STYLE = Automatic;
				CURRENT_PROJECT_VERSION = 1;
				DEVELOPMENT_TEAM = WLVCLJ283X;
				GENERATE_INFOPLIST_FILE = YES;
				INFOPLIST_FILE = LastPage/Info.plist;
				INFOPLIST_KEY_CFBundleDisplayName = LastPage;
				INFOPLIST_KEY_NSCameraUsageDescription = "텍스트를 인식하기 위해 카메라 접근이 필요합니다.";
				INFOPLIST_KEY_NSPhotoLibraryUsageDescription = "기록을 위해 사진을 선택할 수 있도록 허용해주세요.";
				INFOPLIST_KEY_UIApplicationSupportsIndirectInputEvents = YES;
				INFOPLIST_KEY_UILaunchStoryboardName = LaunchScreen;
				INFOPLIST_KEY_UIStatusBarStyle = UIStatusBarStyleLightContent;
				INFOPLIST_KEY_UISupportedInterfaceOrientations = UIInterfaceOrientationPortrait;
				INFOPLIST_KEY_UIUserInterfaceStyle = Light;
				IPHONEOS_DEPLOYMENT_TARGET = 15.6;
				LD_RUNPATH_SEARCH_PATHS = (
					"$(inherited)",
					"@executable_path/Frameworks",
				);
				MARKETING_VERSION = 1.0.1;
				PRODUCT_BUNDLE_IDENTIFIER = com.jann.LastPage;
				PRODUCT_NAME = "$(TARGET_NAME)";
				SUPPORTED_PLATFORMS = "iphoneos iphonesimulator";
				SUPPORTS_MACCATALYST = NO;
				SUPPORTS_MAC_DESIGNED_FOR_IPHONE_IPAD = NO;
				SUPPORTS_XR_DESIGNED_FOR_IPHONE_IPAD = NO;
				SWIFT_EMIT_LOC_STRINGS = YES;
				SWIFT_VERSION = 5.0;
				TARGETED_DEVICE_FAMILY = 1;
			};
			name = Debug;
		};
		CE0A72982D9540C500CFA9E9 /* Release */ = {
			isa = XCBuildConfiguration;
			buildSettings = {
				ASSETCATALOG_COMPILER_APPICON_NAME = AppIcon;
				ASSETCATALOG_COMPILER_GLOBAL_ACCENT_COLOR_NAME = AccentColor;
				CODE_SIGN_ENTITLEMENTS = LastPage/LastPage.entitlements;
				CODE_SIGN_STYLE = Automatic;
				CURRENT_PROJECT_VERSION = 1;
				DEVELOPMENT_TEAM = WLVCLJ283X;
				GENERATE_INFOPLIST_FILE = YES;
				INFOPLIST_FILE = LastPage/Info.plist;
				INFOPLIST_KEY_CFBundleDisplayName = LastPage;
				INFOPLIST_KEY_NSCameraUsageDescription = "텍스트를 인식하기 위해 카메라 접근이 필요합니다.";
				INFOPLIST_KEY_NSPhotoLibraryUsageDescription = "기록을 위해 사진을 선택할 수 있도록 허용해주세요.";
				INFOPLIST_KEY_UIApplicationSupportsIndirectInputEvents = YES;
				INFOPLIST_KEY_UILaunchStoryboardName = LaunchScreen;
				INFOPLIST_KEY_UIStatusBarStyle = UIStatusBarStyleLightContent;
				INFOPLIST_KEY_UISupportedInterfaceOrientations = UIInterfaceOrientationPortrait;
				INFOPLIST_KEY_UIUserInterfaceStyle = Light;
				IPHONEOS_DEPLOYMENT_TARGET = 15.6;
				LD_RUNPATH_SEARCH_PATHS = (
					"$(inherited)",
					"@executable_path/Frameworks",
				);
				MARKETING_VERSION = 1.0.1;
				PRODUCT_BUNDLE_IDENTIFIER = com.jann.LastPage;
				PRODUCT_NAME = "$(TARGET_NAME)";
				SUPPORTED_PLATFORMS = "iphoneos iphonesimulator";
				SUPPORTS_MACCATALYST = NO;
				SUPPORTS_MAC_DESIGNED_FOR_IPHONE_IPAD = NO;
				SUPPORTS_XR_DESIGNED_FOR_IPHONE_IPAD = NO;
				SWIFT_EMIT_LOC_STRINGS = YES;
				SWIFT_VERSION = 5.0;
				TARGETED_DEVICE_FAMILY = 1;
			};
			name = Release;
		};
		CE0A72992D9540C500CFA9E9 /* Debug */ = {
			isa = XCBuildConfiguration;
			buildSettings = {
				ALWAYS_SEARCH_USER_PATHS = NO;
				ASSETCATALOG_COMPILER_GENERATE_SWIFT_ASSET_SYMBOL_EXTENSIONS = YES;
				CLANG_ANALYZER_NONNULL = YES;
				CLANG_ANALYZER_NUMBER_OBJECT_CONVERSION = YES_AGGRESSIVE;
				CLANG_CXX_LANGUAGE_STANDARD = "gnu++20";
				CLANG_ENABLE_MODULES = YES;
				CLANG_ENABLE_OBJC_ARC = YES;
				CLANG_ENABLE_OBJC_WEAK = YES;
				CLANG_WARN_BLOCK_CAPTURE_AUTORELEASING = YES;
				CLANG_WARN_BOOL_CONVERSION = YES;
				CLANG_WARN_COMMA = YES;
				CLANG_WARN_CONSTANT_CONVERSION = YES;
				CLANG_WARN_DEPRECATED_OBJC_IMPLEMENTATIONS = YES;
				CLANG_WARN_DIRECT_OBJC_ISA_USAGE = YES_ERROR;
				CLANG_WARN_DOCUMENTATION_COMMENTS = YES;
				CLANG_WARN_EMPTY_BODY = YES;
				CLANG_WARN_ENUM_CONVERSION = YES;
				CLANG_WARN_INFINITE_RECURSION = YES;
				CLANG_WARN_INT_CONVERSION = YES;
				CLANG_WARN_NON_LITERAL_NULL_CONVERSION = YES;
				CLANG_WARN_OBJC_IMPLICIT_RETAIN_SELF = YES;
				CLANG_WARN_OBJC_LITERAL_CONVERSION = YES;
				CLANG_WARN_OBJC_ROOT_CLASS = YES_ERROR;
				CLANG_WARN_QUOTED_INCLUDE_IN_FRAMEWORK_HEADER = YES;
				CLANG_WARN_RANGE_LOOP_ANALYSIS = YES;
				CLANG_WARN_STRICT_PROTOTYPES = YES;
				CLANG_WARN_SUSPICIOUS_MOVE = YES;
				CLANG_WARN_UNGUARDED_AVAILABILITY = YES_AGGRESSIVE;
				CLANG_WARN_UNREACHABLE_CODE = YES;
				CLANG_WARN__DUPLICATE_METHOD_MATCH = YES;
				COPY_PHASE_STRIP = NO;
				DEBUG_INFORMATION_FORMAT = dwarf;
				ENABLE_STRICT_OBJC_MSGSEND = YES;
				ENABLE_TESTABILITY = YES;
				ENABLE_USER_SCRIPT_SANDBOXING = YES;
				GCC_C_LANGUAGE_STANDARD = gnu17;
				GCC_DYNAMIC_NO_PIC = NO;
				GCC_NO_COMMON_BLOCKS = YES;
				GCC_OPTIMIZATION_LEVEL = 0;
				GCC_PREPROCESSOR_DEFINITIONS = (
					"DEBUG=1",
					"$(inherited)",
				);
				GCC_WARN_64_TO_32_BIT_CONVERSION = YES;
				GCC_WARN_ABOUT_RETURN_TYPE = YES_ERROR;
				GCC_WARN_UNDECLARED_SELECTOR = YES;
				GCC_WARN_UNINITIALIZED_AUTOS = YES_AGGRESSIVE;
				GCC_WARN_UNUSED_FUNCTION = YES;
				GCC_WARN_UNUSED_VARIABLE = YES;
				IPHONEOS_DEPLOYMENT_TARGET = 18.2;
				LOCALIZATION_PREFERS_STRING_CATALOGS = YES;
				MTL_ENABLE_DEBUG_INFO = INCLUDE_SOURCE;
				MTL_FAST_MATH = YES;
				ONLY_ACTIVE_ARCH = YES;
				SDKROOT = iphoneos;
				SWIFT_ACTIVE_COMPILATION_CONDITIONS = "DEBUG $(inherited)";
				SWIFT_OPTIMIZATION_LEVEL = "-Onone";
			};
			name = Debug;
		};
		CE0A729A2D9540C500CFA9E9 /* Release */ = {
			isa = XCBuildConfiguration;
			buildSettings = {
				ALWAYS_SEARCH_USER_PATHS = NO;
				ASSETCATALOG_COMPILER_GENERATE_SWIFT_ASSET_SYMBOL_EXTENSIONS = YES;
				CLANG_ANALYZER_NONNULL = YES;
				CLANG_ANALYZER_NUMBER_OBJECT_CONVERSION = YES_AGGRESSIVE;
				CLANG_CXX_LANGUAGE_STANDARD = "gnu++20";
				CLANG_ENABLE_MODULES = YES;
				CLANG_ENABLE_OBJC_ARC = YES;
				CLANG_ENABLE_OBJC_WEAK = YES;
				CLANG_WARN_BLOCK_CAPTURE_AUTORELEASING = YES;
				CLANG_WARN_BOOL_CONVERSION = YES;
				CLANG_WARN_COMMA = YES;
				CLANG_WARN_CONSTANT_CONVERSION = YES;
				CLANG_WARN_DEPRECATED_OBJC_IMPLEMENTATIONS = YES;
				CLANG_WARN_DIRECT_OBJC_ISA_USAGE = YES_ERROR;
				CLANG_WARN_DOCUMENTATION_COMMENTS = YES;
				CLANG_WARN_EMPTY_BODY = YES;
				CLANG_WARN_ENUM_CONVERSION = YES;
				CLANG_WARN_INFINITE_RECURSION = YES;
				CLANG_WARN_INT_CONVERSION = YES;
				CLANG_WARN_NON_LITERAL_NULL_CONVERSION = YES;
				CLANG_WARN_OBJC_IMPLICIT_RETAIN_SELF = YES;
				CLANG_WARN_OBJC_LITERAL_CONVERSION = YES;
				CLANG_WARN_OBJC_ROOT_CLASS = YES_ERROR;
				CLANG_WARN_QUOTED_INCLUDE_IN_FRAMEWORK_HEADER = YES;
				CLANG_WARN_RANGE_LOOP_ANALYSIS = YES;
				CLANG_WARN_STRICT_PROTOTYPES = YES;
				CLANG_WARN_SUSPICIOUS_MOVE = YES;
				CLANG_WARN_UNGUARDED_AVAILABILITY = YES_AGGRESSIVE;
				CLANG_WARN_UNREACHABLE_CODE = YES;
				CLANG_WARN__DUPLICATE_METHOD_MATCH = YES;
				COPY_PHASE_STRIP = NO;
				DEBUG_INFORMATION_FORMAT = "dwarf-with-dsym";
				ENABLE_NS_ASSERTIONS = NO;
				ENABLE_STRICT_OBJC_MSGSEND = YES;
				ENABLE_USER_SCRIPT_SANDBOXING = YES;
				GCC_C_LANGUAGE_STANDARD = gnu17;
				GCC_NO_COMMON_BLOCKS = YES;
				GCC_WARN_64_TO_32_BIT_CONVERSION = YES;
				GCC_WARN_ABOUT_RETURN_TYPE = YES_ERROR;
				GCC_WARN_UNDECLARED_SELECTOR = YES;
				GCC_WARN_UNINITIALIZED_AUTOS = YES_AGGRESSIVE;
				GCC_WARN_UNUSED_FUNCTION = YES;
				GCC_WARN_UNUSED_VARIABLE = YES;
				IPHONEOS_DEPLOYMENT_TARGET = 18.2;
				LOCALIZATION_PREFERS_STRING_CATALOGS = YES;
				MTL_ENABLE_DEBUG_INFO = NO;
				MTL_FAST_MATH = YES;
				SDKROOT = iphoneos;
				SWIFT_COMPILATION_MODE = wholemodule;
				VALIDATE_PRODUCT = YES;
			};
			name = Release;
		};
		CE14687F2DB7B7BE006FF77D /* Debug */ = {
			isa = XCBuildConfiguration;
			buildSettings = {
				ASSETCATALOG_COMPILER_GLOBAL_ACCENT_COLOR_NAME = AccentColor;
				ASSETCATALOG_COMPILER_WIDGET_BACKGROUND_COLOR_NAME = WidgetBackground;
				CODE_SIGN_ENTITLEMENTS = StatWidgetExtension.entitlements;
				CODE_SIGN_STYLE = Automatic;
				CURRENT_PROJECT_VERSION = 1;
				DEVELOPMENT_TEAM = WLVCLJ283X;
				GENERATE_INFOPLIST_FILE = YES;
				INFOPLIST_FILE = StatWidget/Info.plist;
				INFOPLIST_KEY_CFBundleDisplayName = StatWidget;
				INFOPLIST_KEY_NSHumanReadableCopyright = "";
				IPHONEOS_DEPLOYMENT_TARGET = 17.6;
				LD_RUNPATH_SEARCH_PATHS = (
					"$(inherited)",
					"@executable_path/Frameworks",
					"@executable_path/../../Frameworks",
				);
				MARKETING_VERSION = 1.0;
				PRODUCT_BUNDLE_IDENTIFIER = com.jann.LastPage.StatWidget;
				PRODUCT_NAME = "$(TARGET_NAME)";
				SKIP_INSTALL = YES;
				SWIFT_EMIT_LOC_STRINGS = YES;
				SWIFT_VERSION = 5.0;
				TARGETED_DEVICE_FAMILY = "1,2";
			};
			name = Debug;
		};
		CE1468802DB7B7BE006FF77D /* Release */ = {
			isa = XCBuildConfiguration;
			buildSettings = {
				ASSETCATALOG_COMPILER_GLOBAL_ACCENT_COLOR_NAME = AccentColor;
				ASSETCATALOG_COMPILER_WIDGET_BACKGROUND_COLOR_NAME = WidgetBackground;
				CODE_SIGN_ENTITLEMENTS = StatWidgetExtension.entitlements;
				CODE_SIGN_STYLE = Automatic;
				CURRENT_PROJECT_VERSION = 1;
				DEVELOPMENT_TEAM = WLVCLJ283X;
				GENERATE_INFOPLIST_FILE = YES;
				INFOPLIST_FILE = StatWidget/Info.plist;
				INFOPLIST_KEY_CFBundleDisplayName = StatWidget;
				INFOPLIST_KEY_NSHumanReadableCopyright = "";
				IPHONEOS_DEPLOYMENT_TARGET = 17.6;
				LD_RUNPATH_SEARCH_PATHS = (
					"$(inherited)",
					"@executable_path/Frameworks",
					"@executable_path/../../Frameworks",
				);
				MARKETING_VERSION = 1.0;
				PRODUCT_BUNDLE_IDENTIFIER = com.jann.LastPage.StatWidget;
				PRODUCT_NAME = "$(TARGET_NAME)";
				SKIP_INSTALL = YES;
				SWIFT_EMIT_LOC_STRINGS = YES;
				SWIFT_VERSION = 5.0;
				TARGETED_DEVICE_FAMILY = "1,2";
			};
			name = Release;
		};
/* End XCBuildConfiguration section */

/* Begin XCConfigurationList section */
		CE0A727E2D9540C400CFA9E9 /* Build configuration list for PBXProject "LastPage" */ = {
			isa = XCConfigurationList;
			buildConfigurations = (
				CE0A72992D9540C500CFA9E9 /* Debug */,
				CE0A729A2D9540C500CFA9E9 /* Release */,
			);
			defaultConfigurationIsVisible = 0;
			defaultConfigurationName = Release;
		};
		CE0A72962D9540C500CFA9E9 /* Build configuration list for PBXNativeTarget "LastPage" */ = {
			isa = XCConfigurationList;
			buildConfigurations = (
				CE0A72972D9540C500CFA9E9 /* Debug */,
				CE0A72982D9540C500CFA9E9 /* Release */,
			);
			defaultConfigurationIsVisible = 0;
			defaultConfigurationName = Release;
		};
		CE14687E2DB7B7BE006FF77D /* Build configuration list for PBXNativeTarget "StatWidgetExtension" */ = {
			isa = XCConfigurationList;
			buildConfigurations = (
				CE14687F2DB7B7BE006FF77D /* Debug */,
				CE1468802DB7B7BE006FF77D /* Release */,
			);
			defaultConfigurationIsVisible = 0;
			defaultConfigurationName = Release;
		};
/* End XCConfigurationList section */

/* Begin XCRemoteSwiftPackageReference section */
		CE0A244A2DA991E60095BA5A /* XCRemoteSwiftPackageReference "FSCalendar" */ = {
			isa = XCRemoteSwiftPackageReference;
			repositoryURL = "https://github.com/WenchaoD/FSCalendar.git";
			requirement = {
				kind = upToNextMajorVersion;
				minimumVersion = 2.8.4;
			};
		};
		CE0A75272D96FEFE00CFA9E9 /* XCRemoteSwiftPackageReference "SnapKit" */ = {
			isa = XCRemoteSwiftPackageReference;
			repositoryURL = "https://github.com/SnapKit/SnapKit.git";
			requirement = {
				kind = upToNextMajorVersion;
				minimumVersion = 5.7.1;
			};
		};
		CE2C22A92D9AEBB900211B65 /* XCRemoteSwiftPackageReference "realm-swift" */ = {
			isa = XCRemoteSwiftPackageReference;
			repositoryURL = "https://github.com/realm/realm-swift.git";
			requirement = {
				kind = exactVersion;
				version = 20.0.1;
			};
		};
		CE2C25802D9BF80C00211B65 /* XCRemoteSwiftPackageReference "Kingfisher" */ = {
			isa = XCRemoteSwiftPackageReference;
			repositoryURL = "https://github.com/onevcat/Kingfisher.git";
			requirement = {
				kind = upToNextMajorVersion;
				minimumVersion = 8.3.1;
			};
		};
/* End XCRemoteSwiftPackageReference section */

/* Begin XCSwiftPackageProductDependency section */
		CE0A244B2DA991E60095BA5A /* FSCalendar */ = {
			isa = XCSwiftPackageProductDependency;
			package = CE0A244A2DA991E60095BA5A /* XCRemoteSwiftPackageReference "FSCalendar" */;
			productName = FSCalendar;
		};
		CE0A75282D96FEFE00CFA9E9 /* SnapKit */ = {
			isa = XCSwiftPackageProductDependency;
			package = CE0A75272D96FEFE00CFA9E9 /* XCRemoteSwiftPackageReference "SnapKit" */;
			productName = SnapKit;
		};
		CE2C22AA2D9AEBB900211B65 /* RealmSwift */ = {
			isa = XCSwiftPackageProductDependency;
			package = CE2C22A92D9AEBB900211B65 /* XCRemoteSwiftPackageReference "realm-swift" */;
			productName = RealmSwift;
		};
		CE2C25812D9BF80C00211B65 /* Kingfisher */ = {
			isa = XCSwiftPackageProductDependency;
			package = CE2C25802D9BF80C00211B65 /* XCRemoteSwiftPackageReference "Kingfisher" */;
			productName = Kingfisher;
		};
/* End XCSwiftPackageProductDependency section */
	};
	rootObject = CE0A727B2D9540C400CFA9E9 /* Project object */;
}
